{
  "name": "complexities",
  "version": "1.0.0",
  "lockfileVersion": 2,
  "requires": true,
  "packages": {
    "": {
      "name": "complexities",
      "version": "1.0.0",
      "license": "ISC",
      "dependencies": {
        "escomplex": "^2.0.0-alpha",
        "esprima": "^4.0.1",
        "typhonjs-escomplex": "^0.1.0",
        "typhonjs-escomplex-project": "^0.1.0"
      },
      "devDependencies": {
        "@types/node": "^18.7.18",
        "typhonjs-escomplex-module": "^0.1.0"
      }
    },
    "node_modules/@babel/parser": {
      "version": "7.19.1",
      "resolved": "https://registry.npmjs.org/@babel/parser/-/parser-7.19.1.tgz",
      "integrity": "sha512-h7RCSorm1DdTVGJf3P2Mhj3kdnkmF/EiysUkzS2TdgAYqyjFdMQJbVuXOBej2SBJaXan/lIVtT6KkGbyyq753A==",
      "bin": {
        "parser": "bin/babel-parser.js"
      },
      "engines": {
        "node": ">=6.0.0"
      }
    },
    "node_modules/@types/node": {
      "version": "18.7.18",
      "resolved": "https://registry.npmjs.org/@types/node/-/node-18.7.18.tgz",
      "integrity": "sha512-m+6nTEOadJZuTPkKR/SYK3A2d7FZrgElol9UP1Kae90VVU4a6mxnPuLiIW1m4Cq4gZ/nWb9GrdVXJCoCazDAbg==",
      "dev": true
    },
    "node_modules/@typhonjs/babel-parser": {
      "version": "0.2.0",
      "resolved": "https://registry.npmjs.org/@typhonjs/babel-parser/-/babel-parser-0.2.0.tgz",
      "integrity": "sha512-YKqLZaQAVtOjMiqcJIqex1ezduMefBitoQZjsOqr4US+Yq+cOY/obyloOJ7Ee+XDPaaraVrxWkA3VZjOohtVjQ==",
      "dependencies": {
        "@babel/parser": "^7.0.0",
        "babel-runtime": "^6.0.0"
      }
    },
    "node_modules/babel-runtime": {
      "version": "6.26.0",
      "resolved": "https://registry.npmjs.org/babel-runtime/-/babel-runtime-6.26.0.tgz",
      "integrity": "sha512-ITKNuq2wKlW1fJg9sSW52eepoYgZBggvOAHC0u/CYu/qxQ9EVzThCgR69BnSXLHjy2f7SY5zaQ4yt7H9ZVxY2g==",
      "dependencies": {
        "core-js": "^2.4.0",
        "regenerator-runtime": "^0.11.0"
      }
    },
    "node_modules/backbone-esnext-events": {
      "version": "0.3.5",
      "resolved": "https://registry.npmjs.org/backbone-esnext-events/-/backbone-esnext-events-0.3.5.tgz",
      "integrity": "sha512-n208qnhO6kARjSHLZIBs1w6ECpybIBzFE6X1x2XTIGx+U+6qlSctizq9bCh+Xf5XHsSyipIgoxc1grZG7nCxfw==",
      "dependencies": {
        "babel-runtime": "^6.0.0"
      }
    },
    "node_modules/check-types": {
      "version": "5.1.0",
      "resolved": "https://registry.npmjs.org/check-types/-/check-types-5.1.0.tgz",
      "integrity": "sha512-avyYsSECJeYxowzVMGxzwXz9gc+LAEQ8l8nDVRJqbJilfwHDBPxpjTZC0mb1gr8AAARDc/I7P4+IG6SxokWWmw=="
    },
    "node_modules/commander": {
      "version": "2.20.3",
      "resolved": "https://registry.npmjs.org/commander/-/commander-2.20.3.tgz",
      "integrity": "sha512-GpVkmM8vF2vQUkj2LvZmD35JxeJOLCwJ9cUkugyk2nuhbv3+mJvpLYYt+0+USMxE+oj+ey/lJEnhZw75x/OMcQ=="
    },
    "node_modules/core-js": {
      "version": "2.6.12",
      "resolved": "https://registry.npmjs.org/core-js/-/core-js-2.6.12.tgz",
      "integrity": "sha512-Kb2wC0fvsWfQrgk8HU5lW6U/Lcs8+9aaYcy4ZFc6DDlo4nZ7n70dEgE5rtR0oG6ufKDUnrwfWL1mXR5ljDatrQ==",
      "deprecated": "core-js@<3.23.3 is no longer maintained and not recommended for usage due to the number of issues. Because of the V8 engine whims, feature detection in old core-js versions could cause a slowdown up to 100x even if nothing is polyfilled. Some versions have web compatibility issues. Please, upgrade your dependencies to the actual version of core-js.",
      "hasInstallScript": true
    },
    "node_modules/escomplex": {
      "version": "2.0.0-alpha",
      "resolved": "https://registry.npmjs.org/escomplex/-/escomplex-2.0.0-alpha.tgz",
      "integrity": "sha512-svXitH4tBpW1CPLlGQOxZrqosDj/88GEIoul1bM7WpVGgBnp/5RXb2L0Fo62TAt56k1ZrqTgn+93vnLsAchCcw==",
      "dependencies": {
        "check-types": "^5.1.0"
      }
    },
    "node_modules/escomplex-plugin-metrics-module": {
      "version": "0.1.0",
      "resolved": "https://registry.npmjs.org/escomplex-plugin-metrics-module/-/escomplex-plugin-metrics-module-0.1.0.tgz",
      "integrity": "sha512-lEHGInx1gAfgIRJeSTXggTvfEtIG061G0Kzk4hIq0qN6nd2prXZihAPRuLB9DdxCmxXvLVFqi+Bnun9rDw1/zg==",
      "dependencies": {
        "typhonjs-escomplex-commons": "^0.1.0"
      }
    },
    "node_modules/escomplex-plugin-metrics-project": {
      "version": "0.1.0",
      "resolved": "https://registry.npmjs.org/escomplex-plugin-metrics-project/-/escomplex-plugin-metrics-project-0.1.0.tgz",
      "integrity": "sha512-/9Nf2UJ77qo3TBuWwvFnuNPziHC50nPOxldTZvCEzvwePp+BdI5whlDnJHV9rh3gT75CFODJDM80mBJI+px6/g==",
      "dependencies": {
        "typhonjs-escomplex-commons": "^0.1.0"
      }
    },
    "node_modules/escomplex-plugin-syntax-babylon": {
      "version": "0.1.0",
      "resolved": "https://registry.npmjs.org/escomplex-plugin-syntax-babylon/-/escomplex-plugin-syntax-babylon-0.1.0.tgz",
      "integrity": "sha512-KNjE0Rf1jNteb7zwFyv4G3+TIuHqUfnmXpRf5u9iJkrbVXjmbC7Fg5UEA1Net8gvoV9RLVImFFaLZxclaagqAA==",
      "dependencies": {
        "escomplex-plugin-syntax-estree": "^0.1.0",
        "typhonjs-escomplex-commons": "^0.1.0"
      }
    },
    "node_modules/escomplex-plugin-syntax-estree": {
      "version": "0.1.0",
      "resolved": "https://registry.npmjs.org/escomplex-plugin-syntax-estree/-/escomplex-plugin-syntax-estree-0.1.0.tgz",
      "integrity": "sha512-uhgBgEhq91rq+1OStjDwpxpS5ehQdq1X/Y7DYCQHplczJN9ZzyoiHostZ4CqywLgDkyicvIyt/8LBYjBaNFc7w==",
      "dependencies": {
        "typhonjs-escomplex-commons": "^0.1.0"
      }
    },
    "node_modules/esprima": {
      "version": "4.0.1",
      "resolved": "https://registry.npmjs.org/esprima/-/esprima-4.0.1.tgz",
      "integrity": "sha512-eGuFFw7Upda+g4p+QHvnW0RyTX/SVeJBDM/gCtMARO0cLuT2HcEKnTPvhjV6aGeqrCB/sbNop0Kszm0jsaWU4A==",
      "bin": {
        "esparse": "bin/esparse.js",
        "esvalidate": "bin/esvalidate.js"
      },
      "engines": {
        "node": ">=4"
      }
    },
    "node_modules/regenerator-runtime": {
      "version": "0.11.1",
      "resolved": "https://registry.npmjs.org/regenerator-runtime/-/regenerator-runtime-0.11.1.tgz",
      "integrity": "sha512-MguG95oij0fC3QV3URf4V2SDYGJhJnJGqvIIgdECeODCT98wSWDAJ94SSuVpYQUoTcGUIL6L4yNB7j1DFFHSBg=="
    },
    "node_modules/typhonjs-ast-walker": {
      "version": "0.2.1",
      "resolved": "https://registry.npmjs.org/typhonjs-ast-walker/-/typhonjs-ast-walker-0.2.1.tgz",
      "integrity": "sha512-CpnkW3kxunDwKW2y99jqHCAPqhUzY9T033TM/GOWvtSIP33xy7kOPzp8hPx+Ns2Z4Q7n7PkFqUGPy/ijs3Y3eA=="
    },
    "node_modules/typhonjs-escomplex": {
      "version": "0.1.0",
      "resolved": "https://registry.npmjs.org/typhonjs-escomplex/-/typhonjs-escomplex-0.1.0.tgz",
      "integrity": "sha512-B2r31mRH/ZuuogZADqOBP4NPnqBH2mzEP+Pjm+5R8/z0iHLwUTRadkDQL4yv33qsHdIHlvnpOHh6iUo69v2mPA==",
      "dependencies": {
        "@typhonjs/babel-parser": "^0.2.0",
        "commander": "^2.0.0",
        "typhonjs-escomplex-module": "^0.1.0",
        "typhonjs-escomplex-project": "^0.1.0"
      }
    },
    "node_modules/typhonjs-escomplex-commons": {
      "version": "0.1.1",
      "resolved": "https://registry.npmjs.org/typhonjs-escomplex-commons/-/typhonjs-escomplex-commons-0.1.1.tgz",
      "integrity": "sha512-nIeiokmcupP3t34KVhynHi0LrjMM6QzbHiwK8+Kl/GnAq4o/jK+cCiu4Zt9mZgJKUzUGRtW1kqoZI2RlAchkgg=="
    },
    "node_modules/typhonjs-escomplex-module": {
      "version": "0.1.0",
      "resolved": "https://registry.npmjs.org/typhonjs-escomplex-module/-/typhonjs-escomplex-module-0.1.0.tgz",
      "integrity": "sha512-ViviuBg7Etrl8HeQcwQ9gui9s0rpnFPXltXUFAvOzeQScb+xrLijBq7Z0cveriKQegne/tGTn4ljZg0prwDyTw==",
      "dependencies": {
        "escomplex-plugin-metrics-module": "^0.1.0",
        "escomplex-plugin-syntax-babylon": "^0.1.0",
        "typhonjs-ast-walker": "^0.2.0",
        "typhonjs-escomplex-commons": "^0.1.0",
        "typhonjs-plugin-manager": "^0.2.0"
      }
    },
    "node_modules/typhonjs-escomplex-project": {
      "version": "0.1.0",
      "resolved": "https://registry.npmjs.org/typhonjs-escomplex-project/-/typhonjs-escomplex-project-0.1.0.tgz",
      "integrity": "sha512-2NdkUsDmxcgsNFqn14CYl5Xfzlig7kKtU/ACOLRN6/nP9c3rlHizVr8YdBYRf2H1sOjmjfNmbC6i1RVnnJZxZQ==",
      "dependencies": {
        "escomplex-plugin-metrics-project": "^0.1.0",
        "typhonjs-escomplex-commons": "^0.1.0",
        "typhonjs-escomplex-module": "^0.1.0",
        "typhonjs-plugin-manager": "^0.2.0"
      }
    },
    "node_modules/typhonjs-object-util": {
      "version": "0.4.2",
      "resolved": "https://registry.npmjs.org/typhonjs-object-util/-/typhonjs-object-util-0.4.2.tgz",
      "integrity": "sha512-qs4Mn45ryJBNbXQ+QV1vvz4h0c0ED5my+XFo5Kp5iEIbA3KGuJZjI5AEAucfPLEX6VDZ2eJQqMkrstxLY5jTdw==",
      "dependencies": {
        "babel-runtime": "^6.0.0"
      }
    },
    "node_modules/typhonjs-plugin-manager": {
      "version": "0.2.0",
      "resolved": "https://registry.npmjs.org/typhonjs-plugin-manager/-/typhonjs-plugin-manager-0.2.0.tgz",
      "integrity": "sha512-Plo2Z8jGLNlhoVOUFU5Dm2Vj/rjnaZycCSdklFeVXq3/+qo6k855Aya0WrkLTdjdj+spes60mRXyQnxHxXcHUQ==",
      "dependencies": {
        "babel-runtime": "^6.0.0",
        "backbone-esnext-events": "<1.0.0",
        "typhonjs-object-util": "^0.4.0"
      }
    }
  },
  "dependencies": {
    "@babel/parser": {
      "version": "7.19.1",
      "resolved": "https://registry.npmjs.org/@babel/parser/-/parser-7.19.1.tgz",
      "integrity": "sha512-h7RCSorm1DdTVGJf3P2Mhj3kdnkmF/EiysUkzS2TdgAYqyjFdMQJbVuXOBej2SBJaXan/lIVtT6KkGbyyq753A=="
    },
    "@types/node": {
      "version": "18.7.18",
      "resolved": "https://registry.npmjs.org/@types/node/-/node-18.7.18.tgz",
      "integrity": "sha512-m+6nTEOadJZuTPkKR/SYK3A2d7FZrgElol9UP1Kae90VVU4a6mxnPuLiIW1m4Cq4gZ/nWb9GrdVXJCoCazDAbg==",
      "dev": true
    },
    "@typhonjs/babel-parser": {
      "version": "0.2.0",
      "resolved": "https://registry.npmjs.org/@typhonjs/babel-parser/-/babel-parser-0.2.0.tgz",
      "integrity": "sha512-YKqLZaQAVtOjMiqcJIqex1ezduMefBitoQZjsOqr4US+Yq+cOY/obyloOJ7Ee+XDPaaraVrxWkA3VZjOohtVjQ==",
      "requires": {
        "@babel/parser": "^7.0.0",
        "babel-runtime": "^6.0.0"
      }
    },
    "babel-runtime": {
      "version": "6.26.0",
      "resolved": "https://registry.npmjs.org/babel-runtime/-/babel-runtime-6.26.0.tgz",
      "integrity": "sha512-ITKNuq2wKlW1fJg9sSW52eepoYgZBggvOAHC0u/CYu/qxQ9EVzThCgR69BnSXLHjy2f7SY5zaQ4yt7H9ZVxY2g==",
      "requires": {
        "core-js": "^2.4.0",
        "regenerator-runtime": "^0.11.0"
      }
    },
    "backbone-esnext-events": {
      "version": "0.3.5",
      "resolved": "https://registry.npmjs.org/backbone-esnext-events/-/backbone-esnext-events-0.3.5.tgz",
      "integrity": "sha512-n208qnhO6kARjSHLZIBs1w6ECpybIBzFE6X1x2XTIGx+U+6qlSctizq9bCh+Xf5XHsSyipIgoxc1grZG7nCxfw==",
      "requires": {
        "babel-runtime": "^6.0.0"
      }
    },
    "check-types": {
      "version": "5.1.0",
      "resolved": "https://registry.npmjs.org/check-types/-/check-types-5.1.0.tgz",
      "integrity": "sha512-avyYsSECJeYxowzVMGxzwXz9gc+LAEQ8l8nDVRJqbJilfwHDBPxpjTZC0mb1gr8AAARDc/I7P4+IG6SxokWWmw=="
    },
    "commander": {
      "version": "2.20.3",
      "resolved": "https://registry.npmjs.org/commander/-/commander-2.20.3.tgz",
      "integrity": "sha512-GpVkmM8vF2vQUkj2LvZmD35JxeJOLCwJ9cUkugyk2nuhbv3+mJvpLYYt+0+USMxE+oj+ey/lJEnhZw75x/OMcQ=="
    },
    "core-js": {
      "version": "2.6.12",
      "resolved": "https://registry.npmjs.org/core-js/-/core-js-2.6.12.tgz",
      "integrity": "sha512-Kb2wC0fvsWfQrgk8HU5lW6U/Lcs8+9aaYcy4ZFc6DDlo4nZ7n70dEgE5rtR0oG6ufKDUnrwfWL1mXR5ljDatrQ=="
    },
    "escomplex": {
      "version": "2.0.0-alpha",
      "resolved": "https://registry.npmjs.org/escomplex/-/escomplex-2.0.0-alpha.tgz",
      "integrity": "sha512-svXitH4tBpW1CPLlGQOxZrqosDj/88GEIoul1bM7WpVGgBnp/5RXb2L0Fo62TAt56k1ZrqTgn+93vnLsAchCcw==",
      "requires": {
        "check-types": "^5.1.0"
      }
    },
    "escomplex-plugin-metrics-module": {
      "version": "0.1.0",
      "resolved": "https://registry.npmjs.org/escomplex-plugin-metrics-module/-/escomplex-plugin-metrics-module-0.1.0.tgz",
      "integrity": "sha512-lEHGInx1gAfgIRJeSTXggTvfEtIG061G0Kzk4hIq0qN6nd2prXZihAPRuLB9DdxCmxXvLVFqi+Bnun9rDw1/zg==",
      "requires": {
        "typhonjs-escomplex-commons": "^0.1.0"
      }
    },
    "escomplex-plugin-metrics-project": {
      "version": "0.1.0",
      "resolved": "https://registry.npmjs.org/escomplex-plugin-metrics-project/-/escomplex-plugin-metrics-project-0.1.0.tgz",
      "integrity": "sha512-/9Nf2UJ77qo3TBuWwvFnuNPziHC50nPOxldTZvCEzvwePp+BdI5whlDnJHV9rh3gT75CFODJDM80mBJI+px6/g==",
      "requires": {
        "typhonjs-escomplex-commons": "^0.1.0"
      }
    },
    "escomplex-plugin-syntax-babylon": {
      "version": "0.1.0",
      "resolved": "https://registry.npmjs.org/escomplex-plugin-syntax-babylon/-/escomplex-plugin-syntax-babylon-0.1.0.tgz",
      "integrity": "sha512-KNjE0Rf1jNteb7zwFyv4G3+TIuHqUfnmXpRf5u9iJkrbVXjmbC7Fg5UEA1Net8gvoV9RLVImFFaLZxclaagqAA==",
      "requires": {
        "escomplex-plugin-syntax-estree": "^0.1.0",
        "typhonjs-escomplex-commons": "^0.1.0"
      }
    },
    "escomplex-plugin-syntax-estree": {
      "version": "0.1.0",
      "resolved": "https://registry.npmjs.org/escomplex-plugin-syntax-estree/-/escomplex-plugin-syntax-estree-0.1.0.tgz",
      "integrity": "sha512-uhgBgEhq91rq+1OStjDwpxpS5ehQdq1X/Y7DYCQHplczJN9ZzyoiHostZ4CqywLgDkyicvIyt/8LBYjBaNFc7w==",
      "requires": {
        "typhonjs-escomplex-commons": "^0.1.0"
      }
    },
    "esprima": {
      "version": "4.0.1",
      "resolved": "https://registry.npmjs.org/esprima/-/esprima-4.0.1.tgz",
      "integrity": "sha512-eGuFFw7Upda+g4p+QHvnW0RyTX/SVeJBDM/gCtMARO0cLuT2HcEKnTPvhjV6aGeqrCB/sbNop0Kszm0jsaWU4A=="
    },
    "regenerator-runtime": {
      "version": "0.11.1",
      "resolved": "https://registry.npmjs.org/regenerator-runtime/-/regenerator-runtime-0.11.1.tgz",
      "integrity": "sha512-MguG95oij0fC3QV3URf4V2SDYGJhJnJGqvIIgdECeODCT98wSWDAJ94SSuVpYQUoTcGUIL6L4yNB7j1DFFHSBg=="
    },
    "typhonjs-ast-walker": {
      "version": "0.2.1",
      "resolved": "https://registry.npmjs.org/typhonjs-ast-walker/-/typhonjs-ast-walker-0.2.1.tgz",
      "integrity": "sha512-CpnkW3kxunDwKW2y99jqHCAPqhUzY9T033TM/GOWvtSIP33xy7kOPzp8hPx+Ns2Z4Q7n7PkFqUGPy/ijs3Y3eA=="
    },
    "typhonjs-escomplex": {
      "version": "0.1.0",
      "resolved": "https://registry.npmjs.org/typhonjs-escomplex/-/typhonjs-escomplex-0.1.0.tgz",
      "integrity": "sha512-B2r31mRH/ZuuogZADqOBP4NPnqBH2mzEP+Pjm+5R8/z0iHLwUTRadkDQL4yv33qsHdIHlvnpOHh6iUo69v2mPA==",
      "requires": {
        "@typhonjs/babel-parser": "^0.2.0",
        "commander": "^2.0.0",
        "typhonjs-escomplex-module": "^0.1.0",
        "typhonjs-escomplex-project": "^0.1.0"
      }
    },
    "typhonjs-escomplex-commons": {
      "version": "0.1.1",
      "resolved": "https://registry.npmjs.org/typhonjs-escomplex-commons/-/typhonjs-escomplex-commons-0.1.1.tgz",
      "integrity": "sha512-nIeiokmcupP3t34KVhynHi0LrjMM6QzbHiwK8+Kl/GnAq4o/jK+cCiu4Zt9mZgJKUzUGRtW1kqoZI2RlAchkgg=="
    },
    "typhonjs-escomplex-module": {
      "version": "0.1.0",
      "resolved": "https://registry.npmjs.org/typhonjs-escomplex-module/-/typhonjs-escomplex-module-0.1.0.tgz",
      "integrity": "sha512-ViviuBg7Etrl8HeQcwQ9gui9s0rpnFPXltXUFAvOzeQScb+xrLijBq7Z0cveriKQegne/tGTn4ljZg0prwDyTw==",
      "requires": {
        "escomplex-plugin-metrics-module": "^0.1.0",
        "escomplex-plugin-syntax-babylon": "^0.1.0",
        "typhonjs-ast-walker": "^0.2.0",
        "typhonjs-escomplex-commons": "^0.1.0",
        "typhonjs-plugin-manager": "^0.2.0"
      }
    },
    "typhonjs-escomplex-project": {
      "version": "0.1.0",
      "resolved": "https://registry.npmjs.org/typhonjs-escomplex-project/-/typhonjs-escomplex-project-0.1.0.tgz",
      "integrity": "sha512-2NdkUsDmxcgsNFqn14CYl5Xfzlig7kKtU/ACOLRN6/nP9c3rlHizVr8YdBYRf2H1sOjmjfNmbC6i1RVnnJZxZQ==",
      "requires": {
        "escomplex-plugin-metrics-project": "^0.1.0",
        "typhonjs-escomplex-commons": "^0.1.0",
        "typhonjs-escomplex-module": "^0.1.0",
        "typhonjs-plugin-manager": "^0.2.0"
      }
    },
    "typhonjs-object-util": {
      "version": "0.4.2",
      "resolved": "https://registry.npmjs.org/typhonjs-object-util/-/typhonjs-object-util-0.4.2.tgz",
      "integrity": "sha512-qs4Mn45ryJBNbXQ+QV1vvz4h0c0ED5my+XFo5Kp5iEIbA3KGuJZjI5AEAucfPLEX6VDZ2eJQqMkrstxLY5jTdw==",
      "requires": {
        "babel-runtime": "^6.0.0"
      }
    },
    "typhonjs-plugin-manager": {
      "version": "0.2.0",
      "resolved": "https://registry.npmjs.org/typhonjs-plugin-manager/-/typhonjs-plugin-manager-0.2.0.tgz",
      "integrity": "sha512-Plo2Z8jGLNlhoVOUFU5Dm2Vj/rjnaZycCSdklFeVXq3/+qo6k855Aya0WrkLTdjdj+spes60mRXyQnxHxXcHUQ==",
      "requires": {
        "babel-runtime": "^6.0.0",
        "backbone-esnext-events": "<1.0.0",
        "typhonjs-object-util": "^0.4.0"
      }
    }
  }
}
